
Microsoft Visual Studio Solution File, Format Version 12.00
# Visual Studio Version 16
VisualStudioVersion = 16.0.29709.97
MinimumVisualStudioVersion = 10.0.40219.1
Project("{FAE04EC0-301F-11D3-BF4B-00C04F79EFBC}") = "The Job Box", "The Job Box\The Job Box.csproj", "{9F23E207-7FDF-4070-8FF4-64529081D908}"
EndProject
Global
	GlobalSection(SolutionConfigurationPlatforms) = preSolution
		Debug|Any CPU = Debug|Any CPU
		Release|Any CPU = Release|Any CPU
	EndGlobalSection
	GlobalSection(ProjectConfigurationPlatforms) = postSolution
		{9F23E207-7FDF-4070-8FF4-64529081D908}.Debug|Any CPU.ActiveCfg = Debug|Any CPU
		{9F23E207-7FDF-4070-8FF4-64529081D908}.Debug|Any CPU.Build.0 = Debug|Any CPU
		{9F23E207-7FDF-4070-8FF4-64529081D908}.Release|Any CPU.ActiveCfg = Release|Any CPU
		{9F23E207-7FDF-4070-8FF4-64529081D908}.Release|Any CPU.Build.0 = Release|Any CPU
	EndGlobalSection
	GlobalSection(SolutionProperties) = preSolution
		HideSolutionNode = FALSE
	EndGlobalSection
	GlobalSection(ExtensibilityGlobals) = postSolution
		SolutionGuid = {98955ACF-A879-4F63-86C5-DA2CC99A9F15}
	EndGlobalSection
EndGlobal
