
Microsoft Visual Studio Solution File, Format Version 12.00
# Visual Studio Version 16
VisualStudioVersion = 16.0.29709.97
MinimumVisualStudioVersion = 10.0.40219.1
Project("{9A19103F-16F7-4668-BE54-9A1E7A4F7556}") = "The Job Box", "The Job Box\The Job Box.csproj", "{9F23E207-7FDF-4070-8FF4-64529081D908}"
EndProject
Project("{2150E333-8FDC-42A3-9474-1A3956D46DE8}") = "Solution Items", "Solution Items", "{653F5A6F-F5AC-4867-B701-064832B06062}"
	ProjectSection(SolutionItems) = preProject
		Project Properties and Details.txt = Project Properties and Details.txt
	EndProjectSection
EndProject
Global
	GlobalSection(SolutionConfigurationPlatforms) = preSolution
		Debug|Any CPU = Debug|Any CPU
		Release|Any CPU = Release|Any CPU
	EndGlobalSection
	GlobalSection(ProjectConfigurationPlatforms) = postSolution
		{9F23E207-7FDF-4070-8FF4-64529081D908}.Debug|Any CPU.ActiveCfg = Debug|Any CPU
		{9F23E207-7FDF-4070-8FF4-64529081D908}.Debug|Any CPU.Build.0 = Debug|Any CPU
		{9F23E207-7FDF-4070-8FF4-64529081D908}.Release|Any CPU.ActiveCfg = Release|Any CPU
		{9F23E207-7FDF-4070-8FF4-64529081D908}.Release|Any CPU.Build.0 = Release|Any CPU
	EndGlobalSection
	GlobalSection(SolutionProperties) = preSolution
		HideSolutionNode = FALSE
	EndGlobalSection
	GlobalSection(ExtensibilityGlobals) = postSolution
		SolutionGuid = {98955ACF-A879-4F63-86C5-DA2CC99A9F15}
	EndGlobalSection
EndGlobal
